// !$*UTF8*$!
{
	archiveVersion = 1;
	classes = {
	};
	objectVersion = 56;
	objects = {

/* Begin PBXBuildFile section */
		B661CADE2AA6C6CA00068A12 /* GlobalActorView.swift in Sources */ = {isa = PBXBuildFile; fileRef = B661CADD2AA6C6CA00068A12 /* GlobalActorView.swift */; };
		B661CAE02AA6C7CE00068A12 /* GlobalActorViewModel.swift in Sources */ = {isa = PBXBuildFile; fileRef = B661CADF2AA6C7CE00068A12 /* GlobalActorViewModel.swift */; };
		B661CAE22AA6C84200068A12 /* GlobalActorManager.swift in Sources */ = {isa = PBXBuildFile; fileRef = B661CAE12AA6C84200068A12 /* GlobalActorManager.swift */; };
		B67E767E2A9C338200ABAD06 /* ConcurrencyBootcampApp.swift in Sources */ = {isa = PBXBuildFile; fileRef = B67E767D2A9C338200ABAD06 /* ConcurrencyBootcampApp.swift */; };
		B67E76802A9C338200ABAD06 /* ContentView.swift in Sources */ = {isa = PBXBuildFile; fileRef = B67E767F2A9C338200ABAD06 /* ContentView.swift */; };
		B67E76822A9C338300ABAD06 /* Assets.xcassets in Resources */ = {isa = PBXBuildFile; fileRef = B67E76812A9C338300ABAD06 /* Assets.xcassets */; };
		B67E76862A9C338300ABAD06 /* Preview Assets.xcassets in Resources */ = {isa = PBXBuildFile; fileRef = B67E76852A9C338300ABAD06 /* Preview Assets.xcassets */; };
		B67E768D2A9C342C00ABAD06 /* DownloadImageAsyncView.swift in Sources */ = {isa = PBXBuildFile; fileRef = B67E768C2A9C342C00ABAD06 /* DownloadImageAsyncView.swift */; };
		B67E76902A9C3E6400ABAD06 /* DownloadImageLoader.swift in Sources */ = {isa = PBXBuildFile; fileRef = B67E768F2A9C3E6400ABAD06 /* DownloadImageLoader.swift */; };
		B67E76922A9C3E9E00ABAD06 /* DownloadImageAsyncViewModel.swift in Sources */ = {isa = PBXBuildFile; fileRef = B67E76912A9C3E9E00ABAD06 /* DownloadImageAsyncViewModel.swift */; };
		B67E76952A9C947A00ABAD06 /* AsyncAwaitView.swift in Sources */ = {isa = PBXBuildFile; fileRef = B67E76942A9C947A00ABAD06 /* AsyncAwaitView.swift */; };
		B67E76972A9C948700ABAD06 /* AsyncAwaitViewModel.swift in Sources */ = {isa = PBXBuildFile; fileRef = B67E76962A9C948700ABAD06 /* AsyncAwaitViewModel.swift */; };
		B680BD102AA177EB00BF87F5 /* ContinuationView.swift in Sources */ = {isa = PBXBuildFile; fileRef = B680BD0F2AA177EB00BF87F5 /* ContinuationView.swift */; };
		B680BD122AA1781E00BF87F5 /* ContinuationViewModel.swift in Sources */ = {isa = PBXBuildFile; fileRef = B680BD112AA1781E00BF87F5 /* ContinuationViewModel.swift */; };
		B680BD142AA178A600BF87F5 /* ContinuationNetworkManager.swift in Sources */ = {isa = PBXBuildFile; fileRef = B680BD132AA178A600BF87F5 /* ContinuationNetworkManager.swift */; };
		B69970D82AA0819300C04534 /* TaskGroupView.swift in Sources */ = {isa = PBXBuildFile; fileRef = B69970D72AA0819300C04534 /* TaskGroupView.swift */; };
		B69970DA2AA081C900C04534 /* TaskGroupViewModel.swift in Sources */ = {isa = PBXBuildFile; fileRef = B69970D92AA081C900C04534 /* TaskGroupViewModel.swift */; };
		B69970DC2AA0825D00C04534 /* TaskGroupDataManager.swift in Sources */ = {isa = PBXBuildFile; fileRef = B69970DB2AA0825D00C04534 /* TaskGroupDataManager.swift */; };
		B6A32C212A9DB8DF00D4BE0A /* TaskView.swift in Sources */ = {isa = PBXBuildFile; fileRef = B6A32C202A9DB8DF00D4BE0A /* TaskView.swift */; };
		B6A32C232A9DB8FA00D4BE0A /* TaskViewModel.swift in Sources */ = {isa = PBXBuildFile; fileRef = B6A32C222A9DB8FA00D4BE0A /* TaskViewModel.swift */; };
		B6A86D8A2AA56CE10036DD33 /* StructClassActorView.swift in Sources */ = {isa = PBXBuildFile; fileRef = B6A86D892AA56CE10036DD33 /* StructClassActorView.swift */; };
		B6A86D8C2AA56D9A0036DD33 /* MyStruct.swift in Sources */ = {isa = PBXBuildFile; fileRef = B6A86D8B2AA56D9A0036DD33 /* MyStruct.swift */; };
		B6A86D8E2AA56F530036DD33 /* MyClass.swift in Sources */ = {isa = PBXBuildFile; fileRef = B6A86D8D2AA56F530036DD33 /* MyClass.swift */; };
		B6A86D902AA5B2E70036DD33 /* MyActor.swift in Sources */ = {isa = PBXBuildFile; fileRef = B6A86D8F2AA5B2E70036DD33 /* MyActor.swift */; };
		B6A86D932AA5D49B0036DD33 /* ActorView.swift in Sources */ = {isa = PBXBuildFile; fileRef = B6A86D922AA5D49B0036DD33 /* ActorView.swift */; };
		B6B6B7262AA8198A00FA5A58 /* SendableView.swift in Sources */ = {isa = PBXBuildFile; fileRef = B6B6B7252AA8198A00FA5A58 /* SendableView.swift */; };
		B6B6B7282AA819E900FA5A58 /* SendableViewModel.swift in Sources */ = {isa = PBXBuildFile; fileRef = B6B6B7272AA819E900FA5A58 /* SendableViewModel.swift */; };
		B6B6B72A2AA81A0600FA5A58 /* SendableActor.swift in Sources */ = {isa = PBXBuildFile; fileRef = B6B6B7292AA81A0600FA5A58 /* SendableActor.swift */; };
		B6B6B72C2AA81AF300FA5A58 /* MyUserInfo.swift in Sources */ = {isa = PBXBuildFile; fileRef = B6B6B72B2AA81AF300FA5A58 /* MyUserInfo.swift */; };
		B6F780142AA0225300100121 /* AsyncLetView.swift in Sources */ = {isa = PBXBuildFile; fileRef = B6F780132AA0225300100121 /* AsyncLetView.swift */; };
/* End PBXBuildFile section */

/* Begin PBXFileReference section */
		B661CADD2AA6C6CA00068A12 /* GlobalActorView.swift */ = {isa = PBXFileReference; lastKnownFileType = sourcecode.swift; path = GlobalActorView.swift; sourceTree = "<group>"; };
		B661CADF2AA6C7CE00068A12 /* GlobalActorViewModel.swift */ = {isa = PBXFileReference; lastKnownFileType = sourcecode.swift; path = GlobalActorViewModel.swift; sourceTree = "<group>"; };
		B661CAE12AA6C84200068A12 /* GlobalActorManager.swift */ = {isa = PBXFileReference; lastKnownFileType = sourcecode.swift; path = GlobalActorManager.swift; sourceTree = "<group>"; };
		B67E767A2A9C338200ABAD06 /* ConcurrencyBootcamp.app */ = {isa = PBXFileReference; explicitFileType = wrapper.application; includeInIndex = 0; path = ConcurrencyBootcamp.app; sourceTree = BUILT_PRODUCTS_DIR; };
		B67E767D2A9C338200ABAD06 /* ConcurrencyBootcampApp.swift */ = {isa = PBXFileReference; lastKnownFileType = sourcecode.swift; path = ConcurrencyBootcampApp.swift; sourceTree = "<group>"; };
		B67E767F2A9C338200ABAD06 /* ContentView.swift */ = {isa = PBXFileReference; lastKnownFileType = sourcecode.swift; path = ContentView.swift; sourceTree = "<group>"; };
		B67E76812A9C338300ABAD06 /* Assets.xcassets */ = {isa = PBXFileReference; lastKnownFileType = folder.assetcatalog; path = Assets.xcassets; sourceTree = "<group>"; };
		B67E76832A9C338300ABAD06 /* ConcurrencyBootcamp.entitlements */ = {isa = PBXFileReference; lastKnownFileType = text.plist.entitlements; path = ConcurrencyBootcamp.entitlements; sourceTree = "<group>"; };
		B67E76852A9C338300ABAD06 /* Preview Assets.xcassets */ = {isa = PBXFileReference; lastKnownFileType = folder.assetcatalog; path = "Preview Assets.xcassets"; sourceTree = "<group>"; };
		B67E768C2A9C342C00ABAD06 /* DownloadImageAsyncView.swift */ = {isa = PBXFileReference; lastKnownFileType = sourcecode.swift; path = DownloadImageAsyncView.swift; sourceTree = "<group>"; };
		B67E768F2A9C3E6400ABAD06 /* DownloadImageLoader.swift */ = {isa = PBXFileReference; lastKnownFileType = sourcecode.swift; path = DownloadImageLoader.swift; sourceTree = "<group>"; };
		B67E76912A9C3E9E00ABAD06 /* DownloadImageAsyncViewModel.swift */ = {isa = PBXFileReference; lastKnownFileType = sourcecode.swift; path = DownloadImageAsyncViewModel.swift; sourceTree = "<group>"; };
		B67E76942A9C947A00ABAD06 /* AsyncAwaitView.swift */ = {isa = PBXFileReference; lastKnownFileType = sourcecode.swift; path = AsyncAwaitView.swift; sourceTree = "<group>"; };
		B67E76962A9C948700ABAD06 /* AsyncAwaitViewModel.swift */ = {isa = PBXFileReference; lastKnownFileType = sourcecode.swift; path = AsyncAwaitViewModel.swift; sourceTree = "<group>"; };
		B680BD0F2AA177EB00BF87F5 /* ContinuationView.swift */ = {isa = PBXFileReference; lastKnownFileType = sourcecode.swift; path = ContinuationView.swift; sourceTree = "<group>"; };
		B680BD112AA1781E00BF87F5 /* ContinuationViewModel.swift */ = {isa = PBXFileReference; lastKnownFileType = sourcecode.swift; path = ContinuationViewModel.swift; sourceTree = "<group>"; };
		B680BD132AA178A600BF87F5 /* ContinuationNetworkManager.swift */ = {isa = PBXFileReference; lastKnownFileType = sourcecode.swift; path = ContinuationNetworkManager.swift; sourceTree = "<group>"; };
		B69970D72AA0819300C04534 /* TaskGroupView.swift */ = {isa = PBXFileReference; lastKnownFileType = sourcecode.swift; path = TaskGroupView.swift; sourceTree = "<group>"; };
		B69970D92AA081C900C04534 /* TaskGroupViewModel.swift */ = {isa = PBXFileReference; lastKnownFileType = sourcecode.swift; path = TaskGroupViewModel.swift; sourceTree = "<group>"; };
		B69970DB2AA0825D00C04534 /* TaskGroupDataManager.swift */ = {isa = PBXFileReference; lastKnownFileType = sourcecode.swift; path = TaskGroupDataManager.swift; sourceTree = "<group>"; };
		B6A32C202A9DB8DF00D4BE0A /* TaskView.swift */ = {isa = PBXFileReference; lastKnownFileType = sourcecode.swift; path = TaskView.swift; sourceTree = "<group>"; };
		B6A32C222A9DB8FA00D4BE0A /* TaskViewModel.swift */ = {isa = PBXFileReference; lastKnownFileType = sourcecode.swift; path = TaskViewModel.swift; sourceTree = "<group>"; };
		B6A86D892AA56CE10036DD33 /* StructClassActorView.swift */ = {isa = PBXFileReference; lastKnownFileType = sourcecode.swift; path = StructClassActorView.swift; sourceTree = "<group>"; };
		B6A86D8B2AA56D9A0036DD33 /* MyStruct.swift */ = {isa = PBXFileReference; lastKnownFileType = sourcecode.swift; path = MyStruct.swift; sourceTree = "<group>"; };
		B6A86D8D2AA56F530036DD33 /* MyClass.swift */ = {isa = PBXFileReference; lastKnownFileType = sourcecode.swift; path = MyClass.swift; sourceTree = "<group>"; };
		B6A86D8F2AA5B2E70036DD33 /* MyActor.swift */ = {isa = PBXFileReference; lastKnownFileType = sourcecode.swift; path = MyActor.swift; sourceTree = "<group>"; };
		B6A86D922AA5D49B0036DD33 /* ActorView.swift */ = {isa = PBXFileReference; lastKnownFileType = sourcecode.swift; path = ActorView.swift; sourceTree = "<group>"; };
		B6B6B7252AA8198A00FA5A58 /* SendableView.swift */ = {isa = PBXFileReference; lastKnownFileType = sourcecode.swift; path = SendableView.swift; sourceTree = "<group>"; };
		B6B6B7272AA819E900FA5A58 /* SendableViewModel.swift */ = {isa = PBXFileReference; lastKnownFileType = sourcecode.swift; path = SendableViewModel.swift; sourceTree = "<group>"; };
		B6B6B7292AA81A0600FA5A58 /* SendableActor.swift */ = {isa = PBXFileReference; lastKnownFileType = sourcecode.swift; path = SendableActor.swift; sourceTree = "<group>"; };
		B6B6B72B2AA81AF300FA5A58 /* MyUserInfo.swift */ = {isa = PBXFileReference; lastKnownFileType = sourcecode.swift; path = MyUserInfo.swift; sourceTree = "<group>"; };
		B6F780132AA0225300100121 /* AsyncLetView.swift */ = {isa = PBXFileReference; lastKnownFileType = sourcecode.swift; path = AsyncLetView.swift; sourceTree = "<group>"; };
/* End PBXFileReference section */

/* Begin PBXFrameworksBuildPhase section */
		B67E76772A9C338200ABAD06 /* Frameworks */ = {
			isa = PBXFrameworksBuildPhase;
			buildActionMask = 2147483647;
			files = (
			);
			runOnlyForDeploymentPostprocessing = 0;
		};
/* End PBXFrameworksBuildPhase section */

/* Begin PBXGroup section */
		B661CADC2AA6C6BB00068A12 /* GlobalActor */ = {
			isa = PBXGroup;
			children = (
				B661CADD2AA6C6CA00068A12 /* GlobalActorView.swift */,
				B661CADF2AA6C7CE00068A12 /* GlobalActorViewModel.swift */,
				B661CAE12AA6C84200068A12 /* GlobalActorManager.swift */,
			);
			path = GlobalActor;
			sourceTree = "<group>";
		};
		B67E76712A9C338200ABAD06 = {
			isa = PBXGroup;
			children = (
				B67E767C2A9C338200ABAD06 /* ConcurrencyBootcamp */,
				B67E767B2A9C338200ABAD06 /* Products */,
			);
			sourceTree = "<group>";
		};
		B67E767B2A9C338200ABAD06 /* Products */ = {
			isa = PBXGroup;
			children = (
				B67E767A2A9C338200ABAD06 /* ConcurrencyBootcamp.app */,
			);
			name = Products;
			sourceTree = "<group>";
		};
		B67E767C2A9C338200ABAD06 /* ConcurrencyBootcamp */ = {
			isa = PBXGroup;
			children = (
				B6B6B7242AA8196100FA5A58 /* Sendable */,
				B661CADC2AA6C6BB00068A12 /* GlobalActor */,
				B6A86D912AA5D4710036DD33 /* Actor */,
				B6A86D882AA56CC90036DD33 /* StructClassActor */,
				B680BD0E2AA177D800BF87F5 /* Continuation */,
				B69970D62AA07FC600C04534 /* TaskGroup */,
				B6F780122AA0224000100121 /* AsyncLet */,
				B6A32C1F2A9DB8C500D4BE0A /* Task */,
				B67E76932A9C945A00ABAD06 /* AsyncAwait */,
				B67E768E2A9C3E4D00ABAD06 /* DownloadImageAsync */,
				B67E767D2A9C338200ABAD06 /* ConcurrencyBootcampApp.swift */,
				B67E767F2A9C338200ABAD06 /* ContentView.swift */,
				B67E76812A9C338300ABAD06 /* Assets.xcassets */,
				B67E76832A9C338300ABAD06 /* ConcurrencyBootcamp.entitlements */,
				B67E76842A9C338300ABAD06 /* Preview Content */,
			);
			path = ConcurrencyBootcamp;
			sourceTree = "<group>";
		};
		B67E76842A9C338300ABAD06 /* Preview Content */ = {
			isa = PBXGroup;
			children = (
				B67E76852A9C338300ABAD06 /* Preview Assets.xcassets */,
			);
			path = "Preview Content";
			sourceTree = "<group>";
		};
		B67E768E2A9C3E4D00ABAD06 /* DownloadImageAsync */ = {
			isa = PBXGroup;
			children = (
				B67E768C2A9C342C00ABAD06 /* DownloadImageAsyncView.swift */,
				B67E768F2A9C3E6400ABAD06 /* DownloadImageLoader.swift */,
				B67E76912A9C3E9E00ABAD06 /* DownloadImageAsyncViewModel.swift */,
			);
			path = DownloadImageAsync;
			sourceTree = "<group>";
		};
		B67E76932A9C945A00ABAD06 /* AsyncAwait */ = {
			isa = PBXGroup;
			children = (
				B67E76942A9C947A00ABAD06 /* AsyncAwaitView.swift */,
				B67E76962A9C948700ABAD06 /* AsyncAwaitViewModel.swift */,
			);
			name = AsyncAwait;
			sourceTree = "<group>";
		};
		B680BD0E2AA177D800BF87F5 /* Continuation */ = {
			isa = PBXGroup;
			children = (
				B680BD0F2AA177EB00BF87F5 /* ContinuationView.swift */,
				B680BD112AA1781E00BF87F5 /* ContinuationViewModel.swift */,
				B680BD132AA178A600BF87F5 /* ContinuationNetworkManager.swift */,
			);
			path = Continuation;
			sourceTree = "<group>";
		};
		B69970D62AA07FC600C04534 /* TaskGroup */ = {
			isa = PBXGroup;
			children = (
				B69970D72AA0819300C04534 /* TaskGroupView.swift */,
				B69970D92AA081C900C04534 /* TaskGroupViewModel.swift */,
				B69970DB2AA0825D00C04534 /* TaskGroupDataManager.swift */,
			);
			path = TaskGroup;
			sourceTree = "<group>";
		};
		B6A32C1F2A9DB8C500D4BE0A /* Task */ = {
			isa = PBXGroup;
			children = (
				B6A32C202A9DB8DF00D4BE0A /* TaskView.swift */,
				B6A32C222A9DB8FA00D4BE0A /* TaskViewModel.swift */,
			);
			path = Task;
			sourceTree = "<group>";
		};
		B6A86D882AA56CC90036DD33 /* StructClassActor */ = {
			isa = PBXGroup;
			children = (
				B6A86D892AA56CE10036DD33 /* StructClassActorView.swift */,
				B6A86D8B2AA56D9A0036DD33 /* MyStruct.swift */,
				B6A86D8D2AA56F530036DD33 /* MyClass.swift */,
				B6A86D8F2AA5B2E70036DD33 /* MyActor.swift */,
			);
			path = StructClassActor;
			sourceTree = "<group>";
		};
		B6A86D912AA5D4710036DD33 /* Actor */ = {
			isa = PBXGroup;
			children = (
				B6A86D922AA5D49B0036DD33 /* ActorView.swift */,
			);
			name = Actor;
			sourceTree = "<group>";
		};
		B6B6B7242AA8196100FA5A58 /* Sendable */ = {
			isa = PBXGroup;
			children = (
				B6B6B7252AA8198A00FA5A58 /* SendableView.swift */,
				B6B6B7272AA819E900FA5A58 /* SendableViewModel.swift */,
				B6B6B7292AA81A0600FA5A58 /* SendableActor.swift */,
				B6B6B72B2AA81AF300FA5A58 /* MyUserInfo.swift */,
			);
			path = Sendable;
			sourceTree = "<group>";
		};
		B6F780122AA0224000100121 /* AsyncLet */ = {
			isa = PBXGroup;
			children = (
				B6F780132AA0225300100121 /* AsyncLetView.swift */,
			);
			path = AsyncLet;
			sourceTree = "<group>";
		};
/* End PBXGroup section */

/* Begin PBXNativeTarget section */
		B67E76792A9C338200ABAD06 /* ConcurrencyBootcamp */ = {
			isa = PBXNativeTarget;
			buildConfigurationList = B67E76892A9C338300ABAD06 /* Build configuration list for PBXNativeTarget "ConcurrencyBootcamp" */;
			buildPhases = (
				B67E76762A9C338200ABAD06 /* Sources */,
				B67E76772A9C338200ABAD06 /* Frameworks */,
				B67E76782A9C338200ABAD06 /* Resources */,
			);
			buildRules = (
			);
			dependencies = (
			);
			name = ConcurrencyBootcamp;
			productName = ConcurrencyBootcamp;
			productReference = B67E767A2A9C338200ABAD06 /* ConcurrencyBootcamp.app */;
			productType = "com.apple.product-type.application";
		};
/* End PBXNativeTarget section */

/* Begin PBXProject section */
		B67E76722A9C338200ABAD06 /* Project object */ = {
			isa = PBXProject;
			attributes = {
				BuildIndependentTargetsInParallel = 1;
				LastSwiftUpdateCheck = 1420;
				LastUpgradeCheck = 1420;
				TargetAttributes = {
					B67E76792A9C338200ABAD06 = {
						CreatedOnToolsVersion = 14.2;
					};
				};
			};
			buildConfigurationList = B67E76752A9C338200ABAD06 /* Build configuration list for PBXProject "ConcurrencyBootcamp" */;
			compatibilityVersion = "Xcode 14.0";
			developmentRegion = en;
			hasScannedForEncodings = 0;
			knownRegions = (
				en,
				Base,
			);
			mainGroup = B67E76712A9C338200ABAD06;
			productRefGroup = B67E767B2A9C338200ABAD06 /* Products */;
			projectDirPath = "";
			projectRoot = "";
			targets = (
				B67E76792A9C338200ABAD06 /* ConcurrencyBootcamp */,
			);
		};
/* End PBXProject section */

/* Begin PBXResourcesBuildPhase section */
		B67E76782A9C338200ABAD06 /* Resources */ = {
			isa = PBXResourcesBuildPhase;
			buildActionMask = 2147483647;
			files = (
				B67E76862A9C338300ABAD06 /* Preview Assets.xcassets in Resources */,
				B67E76822A9C338300ABAD06 /* Assets.xcassets in Resources */,
			);
			runOnlyForDeploymentPostprocessing = 0;
		};
/* End PBXResourcesBuildPhase section */

/* Begin PBXSourcesBuildPhase section */
		B67E76762A9C338200ABAD06 /* Sources */ = {
			isa = PBXSourcesBuildPhase;
			buildActionMask = 2147483647;
			files = (
				B67E76952A9C947A00ABAD06 /* AsyncAwaitView.swift in Sources */,
				B680BD102AA177EB00BF87F5 /* ContinuationView.swift in Sources */,
				B67E76802A9C338200ABAD06 /* ContentView.swift in Sources */,
				B661CADE2AA6C6CA00068A12 /* GlobalActorView.swift in Sources */,
				B67E768D2A9C342C00ABAD06 /* DownloadImageAsyncView.swift in Sources */,
				B69970DA2AA081C900C04534 /* TaskGroupViewModel.swift in Sources */,
				B6B6B7262AA8198A00FA5A58 /* SendableView.swift in Sources */,
				B6F780142AA0225300100121 /* AsyncLetView.swift in Sources */,
				B6B6B7282AA819E900FA5A58 /* SendableViewModel.swift in Sources */,
				B680BD142AA178A600BF87F5 /* ContinuationNetworkManager.swift in Sources */,
				B661CAE22AA6C84200068A12 /* GlobalActorManager.swift in Sources */,
				B6A86D902AA5B2E70036DD33 /* MyActor.swift in Sources */,
				B680BD122AA1781E00BF87F5 /* ContinuationViewModel.swift in Sources */,
				B67E76902A9C3E6400ABAD06 /* DownloadImageLoader.swift in Sources */,
				B6B6B72A2AA81A0600FA5A58 /* SendableActor.swift in Sources */,
				B661CAE02AA6C7CE00068A12 /* GlobalActorViewModel.swift in Sources */,
				B6B6B72C2AA81AF300FA5A58 /* MyUserInfo.swift in Sources */,
				B67E76922A9C3E9E00ABAD06 /* DownloadImageAsyncViewModel.swift in Sources */,
				B6A86D8C2AA56D9A0036DD33 /* MyStruct.swift in Sources */,
				B6A86D932AA5D49B0036DD33 /* ActorView.swift in Sources */,
				B67E767E2A9C338200ABAD06 /* ConcurrencyBootcampApp.swift in Sources */,
				B6A86D8A2AA56CE10036DD33 /* StructClassActorView.swift in Sources */,
				B69970D82AA0819300C04534 /* TaskGroupView.swift in Sources */,
				B6A86D8E2AA56F530036DD33 /* MyClass.swift in Sources */,
				B67E76972A9C948700ABAD06 /* AsyncAwaitViewModel.swift in Sources */,
				B69970DC2AA0825D00C04534 /* TaskGroupDataManager.swift in Sources */,
				B6A32C232A9DB8FA00D4BE0A /* TaskViewModel.swift in Sources */,
				B6A32C212A9DB8DF00D4BE0A /* TaskView.swift in Sources */,
			);
			runOnlyForDeploymentPostprocessing = 0;
		};
/* End PBXSourcesBuildPhase section */

/* Begin XCBuildConfiguration section */
		B67E76872A9C338300ABAD06 /* Debug */ = {
			isa = XCBuildConfiguration;
			buildSettings = {
				ALWAYS_SEARCH_USER_PATHS = NO;
				CLANG_ANALYZER_NONNULL = YES;
				CLANG_ANALYZER_NUMBER_OBJECT_CONVERSION = YES_AGGRESSIVE;
				CLANG_CXX_LANGUAGE_STANDARD = "gnu++20";
				CLANG_ENABLE_MODULES = YES;
				CLANG_ENABLE_OBJC_ARC = YES;
				CLANG_ENABLE_OBJC_WEAK = YES;
				CLANG_WARN_BLOCK_CAPTURE_AUTORELEASING = YES;
				CLANG_WARN_BOOL_CONVERSION = YES;
				CLANG_WARN_COMMA = YES;
				CLANG_WARN_CONSTANT_CONVERSION = YES;
				CLANG_WARN_DEPRECATED_OBJC_IMPLEMENTATIONS = YES;
				CLANG_WARN_DIRECT_OBJC_ISA_USAGE = YES_ERROR;
				CLANG_WARN_DOCUMENTATION_COMMENTS = YES;
				CLANG_WARN_EMPTY_BODY = YES;
				CLANG_WARN_ENUM_CONVERSION = YES;
				CLANG_WARN_INFINITE_RECURSION = YES;
				CLANG_WARN_INT_CONVERSION = YES;
				CLANG_WARN_NON_LITERAL_NULL_CONVERSION = YES;
				CLANG_WARN_OBJC_IMPLICIT_RETAIN_SELF = YES;
				CLANG_WARN_OBJC_LITERAL_CONVERSION = YES;
				CLANG_WARN_OBJC_ROOT_CLASS = YES_ERROR;
				CLANG_WARN_QUOTED_INCLUDE_IN_FRAMEWORK_HEADER = YES;
				CLANG_WARN_RANGE_LOOP_ANALYSIS = YES;
				CLANG_WARN_STRICT_PROTOTYPES = YES;
				CLANG_WARN_SUSPICIOUS_MOVE = YES;
				CLANG_WARN_UNGUARDED_AVAILABILITY = YES_AGGRESSIVE;
				CLANG_WARN_UNREACHABLE_CODE = YES;
				CLANG_WARN__DUPLICATE_METHOD_MATCH = YES;
				COPY_PHASE_STRIP = NO;
				DEBUG_INFORMATION_FORMAT = dwarf;
				ENABLE_STRICT_OBJC_MSGSEND = YES;
				ENABLE_TESTABILITY = YES;
				GCC_C_LANGUAGE_STANDARD = gnu11;
				GCC_DYNAMIC_NO_PIC = NO;
				GCC_NO_COMMON_BLOCKS = YES;
				GCC_OPTIMIZATION_LEVEL = 0;
				GCC_PREPROCESSOR_DEFINITIONS = (
					"DEBUG=1",
					"$(inherited)",
				);
				GCC_WARN_64_TO_32_BIT_CONVERSION = YES;
				GCC_WARN_ABOUT_RETURN_TYPE = YES_ERROR;
				GCC_WARN_UNDECLARED_SELECTOR = YES;
				GCC_WARN_UNINITIALIZED_AUTOS = YES_AGGRESSIVE;
				GCC_WARN_UNUSED_FUNCTION = YES;
				GCC_WARN_UNUSED_VARIABLE = YES;
				MTL_ENABLE_DEBUG_INFO = INCLUDE_SOURCE;
				MTL_FAST_MATH = YES;
				ONLY_ACTIVE_ARCH = YES;
				SWIFT_ACTIVE_COMPILATION_CONDITIONS = DEBUG;
				SWIFT_OPTIMIZATION_LEVEL = "-Onone";
			};
			name = Debug;
		};
		B67E76882A9C338300ABAD06 /* Release */ = {
			isa = XCBuildConfiguration;
			buildSettings = {
				ALWAYS_SEARCH_USER_PATHS = NO;
				CLANG_ANALYZER_NONNULL = YES;
				CLANG_ANALYZER_NUMBER_OBJECT_CONVERSION = YES_AGGRESSIVE;
				CLANG_CXX_LANGUAGE_STANDARD = "gnu++20";
				CLANG_ENABLE_MODULES = YES;
				CLANG_ENABLE_OBJC_ARC = YES;
				CLANG_ENABLE_OBJC_WEAK = YES;
				CLANG_WARN_BLOCK_CAPTURE_AUTORELEASING = YES;
				CLANG_WARN_BOOL_CONVERSION = YES;
				CLANG_WARN_COMMA = YES;
				CLANG_WARN_CONSTANT_CONVERSION = YES;
				CLANG_WARN_DEPRECATED_OBJC_IMPLEMENTATIONS = YES;
				CLANG_WARN_DIRECT_OBJC_ISA_USAGE = YES_ERROR;
				CLANG_WARN_DOCUMENTATION_COMMENTS = YES;
				CLANG_WARN_EMPTY_BODY = YES;
				CLANG_WARN_ENUM_CONVERSION = YES;
				CLANG_WARN_INFINITE_RECURSION = YES;
				CLANG_WARN_INT_CONVERSION = YES;
				CLANG_WARN_NON_LITERAL_NULL_CONVERSION = YES;
				CLANG_WARN_OBJC_IMPLICIT_RETAIN_SELF = YES;
				CLANG_WARN_OBJC_LITERAL_CONVERSION = YES;
				CLANG_WARN_OBJC_ROOT_CLASS = YES_ERROR;
				CLANG_WARN_QUOTED_INCLUDE_IN_FRAMEWORK_HEADER = YES;
				CLANG_WARN_RANGE_LOOP_ANALYSIS = YES;
				CLANG_WARN_STRICT_PROTOTYPES = YES;
				CLANG_WARN_SUSPICIOUS_MOVE = YES;
				CLANG_WARN_UNGUARDED_AVAILABILITY = YES_AGGRESSIVE;
				CLANG_WARN_UNREACHABLE_CODE = YES;
				CLANG_WARN__DUPLICATE_METHOD_MATCH = YES;
				COPY_PHASE_STRIP = NO;
				DEBUG_INFORMATION_FORMAT = "dwarf-with-dsym";
				ENABLE_NS_ASSERTIONS = NO;
				ENABLE_STRICT_OBJC_MSGSEND = YES;
				GCC_C_LANGUAGE_STANDARD = gnu11;
				GCC_NO_COMMON_BLOCKS = YES;
				GCC_WARN_64_TO_32_BIT_CONVERSION = YES;
				GCC_WARN_ABOUT_RETURN_TYPE = YES_ERROR;
				GCC_WARN_UNDECLARED_SELECTOR = YES;
				GCC_WARN_UNINITIALIZED_AUTOS = YES_AGGRESSIVE;
				GCC_WARN_UNUSED_FUNCTION = YES;
				GCC_WARN_UNUSED_VARIABLE = YES;
				MTL_ENABLE_DEBUG_INFO = NO;
				MTL_FAST_MATH = YES;
				SWIFT_COMPILATION_MODE = wholemodule;
				SWIFT_OPTIMIZATION_LEVEL = "-O";
			};
			name = Release;
		};
		B67E768A2A9C338300ABAD06 /* Debug */ = {
			isa = XCBuildConfiguration;
			buildSettings = {
				ASSETCATALOG_COMPILER_APPICON_NAME = AppIcon;
				ASSETCATALOG_COMPILER_GLOBAL_ACCENT_COLOR_NAME = AccentColor;
				CODE_SIGN_ENTITLEMENTS = ConcurrencyBootcamp/ConcurrencyBootcamp.entitlements;
				CODE_SIGN_STYLE = Automatic;
				CURRENT_PROJECT_VERSION = 1;
				DEVELOPMENT_ASSET_PATHS = "\"ConcurrencyBootcamp/Preview Content\"";
				DEVELOPMENT_TEAM = FUV2GHVQ46;
				ENABLE_HARDENED_RUNTIME = YES;
				ENABLE_PREVIEWS = YES;
				GENERATE_INFOPLIST_FILE = YES;
				"INFOPLIST_KEY_UIApplicationSceneManifest_Generation[sdk=iphoneos*]" = YES;
				"INFOPLIST_KEY_UIApplicationSceneManifest_Generation[sdk=iphonesimulator*]" = YES;
				"INFOPLIST_KEY_UIApplicationSupportsIndirectInputEvents[sdk=iphoneos*]" = YES;
				"INFOPLIST_KEY_UIApplicationSupportsIndirectInputEvents[sdk=iphonesimulator*]" = YES;
				"INFOPLIST_KEY_UILaunchScreen_Generation[sdk=iphoneos*]" = YES;
				"INFOPLIST_KEY_UILaunchScreen_Generation[sdk=iphonesimulator*]" = YES;
				"INFOPLIST_KEY_UIStatusBarStyle[sdk=iphoneos*]" = UIStatusBarStyleDefault;
				"INFOPLIST_KEY_UIStatusBarStyle[sdk=iphonesimulator*]" = UIStatusBarStyleDefault;
				INFOPLIST_KEY_UISupportedInterfaceOrientations_iPad = "UIInterfaceOrientationPortrait UIInterfaceOrientationPortraitUpsideDown UIInterfaceOrientationLandscapeLeft UIInterfaceOrientationLandscapeRight";
				INFOPLIST_KEY_UISupportedInterfaceOrientations_iPhone = "UIInterfaceOrientationPortrait UIInterfaceOrientationLandscapeLeft UIInterfaceOrientationLandscapeRight";
				IPHONEOS_DEPLOYMENT_TARGET = 16.0;
				LD_RUNPATH_SEARCH_PATHS = "@executable_path/Frameworks";
				"LD_RUNPATH_SEARCH_PATHS[sdk=macosx*]" = "@executable_path/../Frameworks";
				MACOSX_DEPLOYMENT_TARGET = 13.1;
				MARKETING_VERSION = 1.0;
				PRODUCT_BUNDLE_IDENTIFIER = geonhui.ConcurrencyBootcamp;
				PRODUCT_NAME = "$(TARGET_NAME)";
				SDKROOT = auto;
				SUPPORTED_PLATFORMS = "iphoneos iphonesimulator";
				SUPPORTS_MACCATALYST = NO;
				SUPPORTS_MAC_DESIGNED_FOR_IPHONE_IPAD = NO;
				SWIFT_EMIT_LOC_STRINGS = YES;
				SWIFT_VERSION = 5.0;
				TARGETED_DEVICE_FAMILY = 1;
			};
			name = Debug;
		};
		B67E768B2A9C338300ABAD06 /* Release */ = {
			isa = XCBuildConfiguration;
			buildSettings = {
				ASSETCATALOG_COMPILER_APPICON_NAME = AppIcon;
				ASSETCATALOG_COMPILER_GLOBAL_ACCENT_COLOR_NAME = AccentColor;
				CODE_SIGN_ENTITLEMENTS = ConcurrencyBootcamp/ConcurrencyBootcamp.entitlements;
				CODE_SIGN_STYLE = Automatic;
				CURRENT_PROJECT_VERSION = 1;
				DEVELOPMENT_ASSET_PATHS = "\"ConcurrencyBootcamp/Preview Content\"";
				DEVELOPMENT_TEAM = FUV2GHVQ46;
				ENABLE_HARDENED_RUNTIME = YES;
				ENABLE_PREVIEWS = YES;
				GENERATE_INFOPLIST_FILE = YES;
				"INFOPLIST_KEY_UIApplicationSceneManifest_Generation[sdk=iphoneos*]" = YES;
				"INFOPLIST_KEY_UIApplicationSceneManifest_Generation[sdk=iphonesimulator*]" = YES;
				"INFOPLIST_KEY_UIApplicationSupportsIndirectInputEvents[sdk=iphoneos*]" = YES;
				"INFOPLIST_KEY_UIApplicationSupportsIndirectInputEvents[sdk=iphonesimulator*]" = YES;
				"INFOPLIST_KEY_UILaunchScreen_Generation[sdk=iphoneos*]" = YES;
				"INFOPLIST_KEY_UILaunchScreen_Generation[sdk=iphonesimulator*]" = YES;
				"INFOPLIST_KEY_UIStatusBarStyle[sdk=iphoneos*]" = UIStatusBarStyleDefault;
				"INFOPLIST_KEY_UIStatusBarStyle[sdk=iphonesimulator*]" = UIStatusBarStyleDefault;
				INFOPLIST_KEY_UISupportedInterfaceOrientations_iPad = "UIInterfaceOrientationPortrait UIInterfaceOrientationPortraitUpsideDown UIInterfaceOrientationLandscapeLeft UIInterfaceOrientationLandscapeRight";
				INFOPLIST_KEY_UISupportedInterfaceOrientations_iPhone = "UIInterfaceOrientationPortrait UIInterfaceOrientationLandscapeLeft UIInterfaceOrientationLandscapeRight";
				IPHONEOS_DEPLOYMENT_TARGET = 16.0;
				LD_RUNPATH_SEARCH_PATHS = "@executable_path/Frameworks";
				"LD_RUNPATH_SEARCH_PATHS[sdk=macosx*]" = "@executable_path/../Frameworks";
				MACOSX_DEPLOYMENT_TARGET = 13.1;
				MARKETING_VERSION = 1.0;
				PRODUCT_BUNDLE_IDENTIFIER = geonhui.ConcurrencyBootcamp;
				PRODUCT_NAME = "$(TARGET_NAME)";
				SDKROOT = auto;
				SUPPORTED_PLATFORMS = "iphoneos iphonesimulator";
				SUPPORTS_MACCATALYST = NO;
				SUPPORTS_MAC_DESIGNED_FOR_IPHONE_IPAD = NO;
				SWIFT_EMIT_LOC_STRINGS = YES;
				SWIFT_VERSION = 5.0;
				TARGETED_DEVICE_FAMILY = 1;
			};
			name = Release;
		};
/* End XCBuildConfiguration section */

/* Begin XCConfigurationList section */
		B67E76752A9C338200ABAD06 /* Build configuration list for PBXProject "ConcurrencyBootcamp" */ = {
			isa = XCConfigurationList;
			buildConfigurations = (
				B67E76872A9C338300ABAD06 /* Debug */,
				B67E76882A9C338300ABAD06 /* Release */,
			);
			defaultConfigurationIsVisible = 0;
			defaultConfigurationName = Release;
		};
		B67E76892A9C338300ABAD06 /* Build configuration list for PBXNativeTarget "ConcurrencyBootcamp" */ = {
			isa = XCConfigurationList;
			buildConfigurations = (
				B67E768A2A9C338300ABAD06 /* Debug */,
				B67E768B2A9C338300ABAD06 /* Release */,
			);
			defaultConfigurationIsVisible = 0;
			defaultConfigurationName = Release;
		};
/* End XCConfigurationList section */
	};
	rootObject = B67E76722A9C338200ABAD06 /* Project object */;
}
